
Microsoft Visual Studio Solution File, Format Version 12.00
# Visual Studio Version 17
VisualStudioVersion = 17.4.33122.133
MinimumVisualStudioVersion = 10.0.40219.1
Project("{2150E333-8FDC-42A3-9474-1A3956D46DE8}") = "Services", "Services", "{D8235260-7864-4178-B779-CD41882E2041}"
EndProject
Project("{2150E333-8FDC-42A3-9474-1A3956D46DE8}") = "Catalog", "Catalog", "{C65E1090-74F2-49D3-97D5-E42F04895D1B}"
EndProject
Project("{9A19103F-16F7-4668-BE54-9A1E7A4F7556}") = "FreeCourse.Services.Catalog", "Services\Catalog\FreeCourse.Services.Catalog\FreeCourse.Services.Catalog.csproj", "{CD448F05-EEDC-46B0-95CF-BCE4E9F68E57}"
EndProject
Project("{2150E333-8FDC-42A3-9474-1A3956D46DE8}") = "Solution Items", "Solution Items", "{BDBB138B-5C88-4CAD-94C8-7E9A8258092E}"
	ProjectSection(SolutionItems) = preProject
		Ports.txt = Ports.txt
	EndProjectSection
EndProject
Project("{2150E333-8FDC-42A3-9474-1A3956D46DE8}") = "Shared", "Shared", "{8083FD17-3D28-4A26-B2B4-A55BF5094D21}"
EndProject
Project("{9A19103F-16F7-4668-BE54-9A1E7A4F7556}") = "FreeCourse.Shared", "Shared\FreeCourse.Shared\FreeCourse.Shared.csproj", "{9AF70015-41B3-4CE1-8155-07D4D5B37A78}"
EndProject
Project("{2150E333-8FDC-42A3-9474-1A3956D46DE8}") = "IdentityServer", "IdentityServer", "{FEF91E4C-CC02-4583-86E4-5E927D4AD4EC}"
EndProject
Project("{9A19103F-16F7-4668-BE54-9A1E7A4F7556}") = "FreeCourse.IdentityServer", "IdentityServer\FreeCourse.IdentityServer\FreeCourse.IdentityServer.csproj", "{8DB4B3C2-F2E6-4774-A198-45C631E0E668}"
EndProject
Project("{2150E333-8FDC-42A3-9474-1A3956D46DE8}") = "PhotoStock", "PhotoStock", "{BC538EF1-28B7-4295-B652-714A04D253AD}"
EndProject
Project("{9A19103F-16F7-4668-BE54-9A1E7A4F7556}") = "FreeCourse.Services.PhotoStock", "Services\PhotoStock\FreeCourse.Services.PhotoStock\FreeCourse.Services.PhotoStock.csproj", "{55123CC5-125C-49D4-BD59-1659803A4FA4}"
EndProject
Project("{2150E333-8FDC-42A3-9474-1A3956D46DE8}") = "Basket", "Basket", "{1AB4BEF8-118D-47A6-9616-EF7167D8CF1C}"
EndProject
Project("{9A19103F-16F7-4668-BE54-9A1E7A4F7556}") = "FreeCourse.Services.Basket", "Services\Basket\FreeCourse.Services.Basket\FreeCourse.Services.Basket.csproj", "{5E03DCEF-AE94-4A0A-ABBF-F935DBBB2AA7}"
EndProject
Project("{2150E333-8FDC-42A3-9474-1A3956D46DE8}") = "Discount", "Discount", "{8016F950-FEE1-40A7-88AA-455DEB6025C3}"
EndProject
Project("{9A19103F-16F7-4668-BE54-9A1E7A4F7556}") = "FreeCourse.Services.Discount", "Services\Discount\FreeCourse.Services.Discount\FreeCourse.Services.Discount.csproj", "{EA590C1E-6E6A-47E0-A661-8A0BFAEB6698}"
EndProject
Project("{2150E333-8FDC-42A3-9474-1A3956D46DE8}") = "Order", "Order", "{79509840-38E0-459C-A1EF-344F49043A6C}"
EndProject
Project("{9A19103F-16F7-4668-BE54-9A1E7A4F7556}") = "FreeCourse.Services.Order.API", "Services\Order\FreeCourse.Services.Order.API\FreeCourse.Services.Order.API.csproj", "{3D183457-6889-4774-9DBE-B6864D12B85D}"
EndProject
Project("{9A19103F-16F7-4668-BE54-9A1E7A4F7556}") = "FreeCourse.Services.Order.Application", "Services\Order\FreeCourse.Services.Order.Application\FreeCourse.Services.Order.Application.csproj", "{4C372EFF-5BFE-400C-BA3A-BBB20D20D99F}"
EndProject
Project("{9A19103F-16F7-4668-BE54-9A1E7A4F7556}") = "FreeCourse.Services.Order.Domain", "Services\Order\FreeCourse.Services.Order.Domain\FreeCourse.Services.Order.Domain.csproj", "{BDE1C28D-D382-42EC-A901-653231F9A76C}"
EndProject
Project("{9A19103F-16F7-4668-BE54-9A1E7A4F7556}") = "FreeCourse.Services.Order.Domain.Core", "Services\Order\FreeCourse.Services.Order.Domain.Core\FreeCourse.Services.Order.Domain.Core.csproj", "{7BE790A0-7361-408F-B0C0-29D91CF39B49}"
EndProject
Project("{9A19103F-16F7-4668-BE54-9A1E7A4F7556}") = "FreeCourse.Services.Order.Infrastructure", "Services\Order\FreeCourse.Services.Order.Infrastructure\FreeCourse.Services.Order.Infrastructure.csproj", "{97091A32-C8AA-4D21-AFBE-E7A733C31C38}"
EndProject
Project("{2150E333-8FDC-42A3-9474-1A3956D46DE8}") = "Payment", "Payment", "{AF412336-FEC3-42EC-B476-14A4A06361B1}"
EndProject
Project("{FAE04EC0-301F-11D3-BF4B-00C04F79EFBC}") = "FreeCourse.Services.Payment", "Services\Payment\FreeCourse.Services.Payment\FreeCourse.Services.Payment.csproj", "{ECD925FA-6208-4775-8E7F-2E38AE090964}"
EndProject
Project("{2150E333-8FDC-42A3-9474-1A3956D46DE8}") = "Gateways", "Gateways", "{9B17CFA7-45C5-4C34-A610-7A7B781B10DE}"
EndProject
Project("{FAE04EC0-301F-11D3-BF4B-00C04F79EFBC}") = "FreeCourse.Gateway", "Gateways\FreeCourse.Gateway\FreeCourse.Gateway.csproj", "{7975AFAB-EAAF-41F5-85CC-88A7195B20A6}"
EndProject
Global
	GlobalSection(SolutionConfigurationPlatforms) = preSolution
		Debug|Any CPU = Debug|Any CPU
		Release|Any CPU = Release|Any CPU
	EndGlobalSection
	GlobalSection(ProjectConfigurationPlatforms) = postSolution
		{CD448F05-EEDC-46B0-95CF-BCE4E9F68E57}.Debug|Any CPU.ActiveCfg = Debug|Any CPU
		{CD448F05-EEDC-46B0-95CF-BCE4E9F68E57}.Debug|Any CPU.Build.0 = Debug|Any CPU
		{CD448F05-EEDC-46B0-95CF-BCE4E9F68E57}.Release|Any CPU.ActiveCfg = Release|Any CPU
		{CD448F05-EEDC-46B0-95CF-BCE4E9F68E57}.Release|Any CPU.Build.0 = Release|Any CPU
		{9AF70015-41B3-4CE1-8155-07D4D5B37A78}.Debug|Any CPU.ActiveCfg = Debug|Any CPU
		{9AF70015-41B3-4CE1-8155-07D4D5B37A78}.Debug|Any CPU.Build.0 = Debug|Any CPU
		{9AF70015-41B3-4CE1-8155-07D4D5B37A78}.Release|Any CPU.ActiveCfg = Release|Any CPU
		{9AF70015-41B3-4CE1-8155-07D4D5B37A78}.Release|Any CPU.Build.0 = Release|Any CPU
		{8DB4B3C2-F2E6-4774-A198-45C631E0E668}.Debug|Any CPU.ActiveCfg = Debug|Any CPU
		{8DB4B3C2-F2E6-4774-A198-45C631E0E668}.Debug|Any CPU.Build.0 = Debug|Any CPU
		{8DB4B3C2-F2E6-4774-A198-45C631E0E668}.Release|Any CPU.ActiveCfg = Release|Any CPU
		{8DB4B3C2-F2E6-4774-A198-45C631E0E668}.Release|Any CPU.Build.0 = Release|Any CPU
		{55123CC5-125C-49D4-BD59-1659803A4FA4}.Debug|Any CPU.ActiveCfg = Debug|Any CPU
		{55123CC5-125C-49D4-BD59-1659803A4FA4}.Debug|Any CPU.Build.0 = Debug|Any CPU
		{55123CC5-125C-49D4-BD59-1659803A4FA4}.Release|Any CPU.ActiveCfg = Release|Any CPU
		{55123CC5-125C-49D4-BD59-1659803A4FA4}.Release|Any CPU.Build.0 = Release|Any CPU
		{5E03DCEF-AE94-4A0A-ABBF-F935DBBB2AA7}.Debug|Any CPU.ActiveCfg = Debug|Any CPU
		{5E03DCEF-AE94-4A0A-ABBF-F935DBBB2AA7}.Debug|Any CPU.Build.0 = Debug|Any CPU
		{5E03DCEF-AE94-4A0A-ABBF-F935DBBB2AA7}.Release|Any CPU.ActiveCfg = Release|Any CPU
		{5E03DCEF-AE94-4A0A-ABBF-F935DBBB2AA7}.Release|Any CPU.Build.0 = Release|Any CPU
		{EA590C1E-6E6A-47E0-A661-8A0BFAEB6698}.Debug|Any CPU.ActiveCfg = Debug|Any CPU
		{EA590C1E-6E6A-47E0-A661-8A0BFAEB6698}.Debug|Any CPU.Build.0 = Debug|Any CPU
		{EA590C1E-6E6A-47E0-A661-8A0BFAEB6698}.Release|Any CPU.ActiveCfg = Release|Any CPU
		{EA590C1E-6E6A-47E0-A661-8A0BFAEB6698}.Release|Any CPU.Build.0 = Release|Any CPU
		{3D183457-6889-4774-9DBE-B6864D12B85D}.Debug|Any CPU.ActiveCfg = Debug|Any CPU
		{3D183457-6889-4774-9DBE-B6864D12B85D}.Debug|Any CPU.Build.0 = Debug|Any CPU
		{3D183457-6889-4774-9DBE-B6864D12B85D}.Release|Any CPU.ActiveCfg = Release|Any CPU
		{3D183457-6889-4774-9DBE-B6864D12B85D}.Release|Any CPU.Build.0 = Release|Any CPU
		{4C372EFF-5BFE-400C-BA3A-BBB20D20D99F}.Debug|Any CPU.ActiveCfg = Debug|Any CPU
		{4C372EFF-5BFE-400C-BA3A-BBB20D20D99F}.Debug|Any CPU.Build.0 = Debug|Any CPU
		{4C372EFF-5BFE-400C-BA3A-BBB20D20D99F}.Release|Any CPU.ActiveCfg = Release|Any CPU
		{4C372EFF-5BFE-400C-BA3A-BBB20D20D99F}.Release|Any CPU.Build.0 = Release|Any CPU
		{BDE1C28D-D382-42EC-A901-653231F9A76C}.Debug|Any CPU.ActiveCfg = Debug|Any CPU
		{BDE1C28D-D382-42EC-A901-653231F9A76C}.Debug|Any CPU.Build.0 = Debug|Any CPU
		{BDE1C28D-D382-42EC-A901-653231F9A76C}.Release|Any CPU.ActiveCfg = Release|Any CPU
		{BDE1C28D-D382-42EC-A901-653231F9A76C}.Release|Any CPU.Build.0 = Release|Any CPU
		{7BE790A0-7361-408F-B0C0-29D91CF39B49}.Debug|Any CPU.ActiveCfg = Debug|Any CPU
		{7BE790A0-7361-408F-B0C0-29D91CF39B49}.Debug|Any CPU.Build.0 = Debug|Any CPU
		{7BE790A0-7361-408F-B0C0-29D91CF39B49}.Release|Any CPU.ActiveCfg = Release|Any CPU
		{7BE790A0-7361-408F-B0C0-29D91CF39B49}.Release|Any CPU.Build.0 = Release|Any CPU
		{97091A32-C8AA-4D21-AFBE-E7A733C31C38}.Debug|Any CPU.ActiveCfg = Debug|Any CPU
		{97091A32-C8AA-4D21-AFBE-E7A733C31C38}.Debug|Any CPU.Build.0 = Debug|Any CPU
		{97091A32-C8AA-4D21-AFBE-E7A733C31C38}.Release|Any CPU.ActiveCfg = Release|Any CPU
		{97091A32-C8AA-4D21-AFBE-E7A733C31C38}.Release|Any CPU.Build.0 = Release|Any CPU
		{ECD925FA-6208-4775-8E7F-2E38AE090964}.Debug|Any CPU.ActiveCfg = Debug|Any CPU
		{ECD925FA-6208-4775-8E7F-2E38AE090964}.Debug|Any CPU.Build.0 = Debug|Any CPU
		{ECD925FA-6208-4775-8E7F-2E38AE090964}.Release|Any CPU.ActiveCfg = Release|Any CPU
		{ECD925FA-6208-4775-8E7F-2E38AE090964}.Release|Any CPU.Build.0 = Release|Any CPU
		{7975AFAB-EAAF-41F5-85CC-88A7195B20A6}.Debug|Any CPU.ActiveCfg = Debug|Any CPU
		{7975AFAB-EAAF-41F5-85CC-88A7195B20A6}.Debug|Any CPU.Build.0 = Debug|Any CPU
		{7975AFAB-EAAF-41F5-85CC-88A7195B20A6}.Release|Any CPU.ActiveCfg = Release|Any CPU
		{7975AFAB-EAAF-41F5-85CC-88A7195B20A6}.Release|Any CPU.Build.0 = Release|Any CPU
	EndGlobalSection
	GlobalSection(SolutionProperties) = preSolution
		HideSolutionNode = FALSE
	EndGlobalSection
	GlobalSection(NestedProjects) = preSolution
		{C65E1090-74F2-49D3-97D5-E42F04895D1B} = {D8235260-7864-4178-B779-CD41882E2041}
		{CD448F05-EEDC-46B0-95CF-BCE4E9F68E57} = {C65E1090-74F2-49D3-97D5-E42F04895D1B}
		{9AF70015-41B3-4CE1-8155-07D4D5B37A78} = {8083FD17-3D28-4A26-B2B4-A55BF5094D21}
		{8DB4B3C2-F2E6-4774-A198-45C631E0E668} = {FEF91E4C-CC02-4583-86E4-5E927D4AD4EC}
		{BC538EF1-28B7-4295-B652-714A04D253AD} = {D8235260-7864-4178-B779-CD41882E2041}
		{55123CC5-125C-49D4-BD59-1659803A4FA4} = {BC538EF1-28B7-4295-B652-714A04D253AD}
		{1AB4BEF8-118D-47A6-9616-EF7167D8CF1C} = {D8235260-7864-4178-B779-CD41882E2041}
		{5E03DCEF-AE94-4A0A-ABBF-F935DBBB2AA7} = {1AB4BEF8-118D-47A6-9616-EF7167D8CF1C}
		{8016F950-FEE1-40A7-88AA-455DEB6025C3} = {D8235260-7864-4178-B779-CD41882E2041}
		{EA590C1E-6E6A-47E0-A661-8A0BFAEB6698} = {8016F950-FEE1-40A7-88AA-455DEB6025C3}
		{79509840-38E0-459C-A1EF-344F49043A6C} = {D8235260-7864-4178-B779-CD41882E2041}
		{3D183457-6889-4774-9DBE-B6864D12B85D} = {79509840-38E0-459C-A1EF-344F49043A6C}
		{4C372EFF-5BFE-400C-BA3A-BBB20D20D99F} = {79509840-38E0-459C-A1EF-344F49043A6C}
		{BDE1C28D-D382-42EC-A901-653231F9A76C} = {79509840-38E0-459C-A1EF-344F49043A6C}
		{7BE790A0-7361-408F-B0C0-29D91CF39B49} = {79509840-38E0-459C-A1EF-344F49043A6C}
		{97091A32-C8AA-4D21-AFBE-E7A733C31C38} = {79509840-38E0-459C-A1EF-344F49043A6C}
		{AF412336-FEC3-42EC-B476-14A4A06361B1} = {D8235260-7864-4178-B779-CD41882E2041}
		{ECD925FA-6208-4775-8E7F-2E38AE090964} = {AF412336-FEC3-42EC-B476-14A4A06361B1}
		{7975AFAB-EAAF-41F5-85CC-88A7195B20A6} = {9B17CFA7-45C5-4C34-A610-7A7B781B10DE}
	EndGlobalSection
	GlobalSection(ExtensibilityGlobals) = postSolution
		SolutionGuid = {E50399EF-C160-4E05-85A4-0B563C2CD924}
	EndGlobalSection
EndGlobal
