
Microsoft Visual Studio Solution File, Format Version 12.00
# Visual Studio Version 17
VisualStudioVersion = 17.4.33122.133
MinimumVisualStudioVersion = 10.0.40219.1
Project("{2150E333-8FDC-42A3-9474-1A3956D46DE8}") = "Services", "Services", "{D8235260-7864-4178-B779-CD41882E2041}"
EndProject
Project("{2150E333-8FDC-42A3-9474-1A3956D46DE8}") = "Catalog", "Catalog", "{C65E1090-74F2-49D3-97D5-E42F04895D1B}"
EndProject
Project("{2150E333-8FDC-42A3-9474-1A3956D46DE8}") = "Solution Items", "Solution Items", "{BDBB138B-5C88-4CAD-94C8-7E9A8258092E}"
	ProjectSection(SolutionItems) = preProject
		Ports.txt = Ports.txt
	EndProjectSection
EndProject
Project("{2150E333-8FDC-42A3-9474-1A3956D46DE8}") = "Shared", "Shared", "{8083FD17-3D28-4A26-B2B4-A55BF5094D21}"
EndProject
Project("{2150E333-8FDC-42A3-9474-1A3956D46DE8}") = "IdentityServer", "IdentityServer", "{FEF91E4C-CC02-4583-86E4-5E927D4AD4EC}"
EndProject
Project("{2150E333-8FDC-42A3-9474-1A3956D46DE8}") = "PhotoStock", "PhotoStock", "{BC538EF1-28B7-4295-B652-714A04D253AD}"
EndProject
Project("{2150E333-8FDC-42A3-9474-1A3956D46DE8}") = "Basket", "Basket", "{1AB4BEF8-118D-47A6-9616-EF7167D8CF1C}"
EndProject
Project("{2150E333-8FDC-42A3-9474-1A3956D46DE8}") = "Discount", "Discount", "{8016F950-FEE1-40A7-88AA-455DEB6025C3}"
EndProject
Project("{2150E333-8FDC-42A3-9474-1A3956D46DE8}") = "Order", "Order", "{79509840-38E0-459C-A1EF-344F49043A6C}"
EndProject
Project("{2150E333-8FDC-42A3-9474-1A3956D46DE8}") = "Payment", "Payment", "{AF412336-FEC3-42EC-B476-14A4A06361B1}"
EndProject
Project("{2150E333-8FDC-42A3-9474-1A3956D46DE8}") = "Gateways", "Gateways", "{9B17CFA7-45C5-4C34-A610-7A7B781B10DE}"
EndProject
Project("{2150E333-8FDC-42A3-9474-1A3956D46DE8}") = "Clients", "Clients", "{E926F3D9-EE14-4F3D-A167-4F877645BF93}"
EndProject
Project("{9A19103F-16F7-4668-BE54-9A1E7A4F7556}") = "Client.MVC", "Clients\Client.MVC\Client.MVC.csproj", "{24714045-76D7-4284-A2CE-D9443A08ABB5}"
EndProject
Project("{9A19103F-16F7-4668-BE54-9A1E7A4F7556}") = "Gateway", "Gateways\Gateway\Gateway.csproj", "{E20B5ED9-1FC8-4E6F-A9D7-D6B699FBB8F7}"
EndProject
Project("{9A19103F-16F7-4668-BE54-9A1E7A4F7556}") = "IdentityServer.API", "IdentityServer\IdentityServer.API\IdentityServer.API.csproj", "{9956710E-405A-435C-B0A2-00BA132CFE42}"
EndProject
Project("{9A19103F-16F7-4668-BE54-9A1E7A4F7556}") = "Basket.API", "Services\Basket\Basket.API\Basket.API.csproj", "{E0A9FD7B-09BA-41CD-B2CB-4307E729F4A9}"
EndProject
Project("{9A19103F-16F7-4668-BE54-9A1E7A4F7556}") = "Discount.API", "Services\Discount\Discount.API\Discount.API.csproj", "{6BFA7F15-1571-4295-A092-7939D8689F72}"
EndProject
Project("{9A19103F-16F7-4668-BE54-9A1E7A4F7556}") = "Order.Domain", "Services\Order\Order.Domain\Order.Domain.csproj", "{C9A62E26-293D-4F0D-828D-82B0B68E8DD2}"
EndProject
Project("{9A19103F-16F7-4668-BE54-9A1E7A4F7556}") = "Order.Application", "Services\Order\Order.Application\Order.Application.csproj", "{74E0A6B0-8C7D-4337-8A53-FACE66420C88}"
EndProject
Project("{9A19103F-16F7-4668-BE54-9A1E7A4F7556}") = "Order.API", "Services\Order\Order.API\Order.API.csproj", "{03AAFB6D-52EF-4A56-ACDD-8E96F65781DC}"
EndProject
Project("{9A19103F-16F7-4668-BE54-9A1E7A4F7556}") = "Order.Infrastructure", "Services\Order\Order.Infrastructure\Order.Infrastructure.csproj", "{69A8219D-6FDD-4074-8C02-7B5A4F680377}"
EndProject
Project("{9A19103F-16F7-4668-BE54-9A1E7A4F7556}") = "Payment.API", "Services\Payment\Payment.API\Payment.API.csproj", "{74B58606-E3AD-4308-9CD3-D2B233A9CB61}"
EndProject
Project("{9A19103F-16F7-4668-BE54-9A1E7A4F7556}") = "PhotoStock.API", "Services\PhotoStock\PhotoStock.API\PhotoStock.API.csproj", "{33F8F343-EE1D-4149-B97A-6432713853BF}"
EndProject
Project("{9A19103F-16F7-4668-BE54-9A1E7A4F7556}") = "SharedLibrary", "Shared\SharedLibrary\SharedLibrary.csproj", "{C3AB2DD4-88E7-4BAF-8E17-5DFFC6DC4241}"
EndProject
Project("{9A19103F-16F7-4668-BE54-9A1E7A4F7556}") = "Order.Domain.Core", "Services\Order\Order.Domain.Core\Order.Domain.Core.csproj", "{9FDE3423-3845-4084-8EA5-ADD2FC93943A}"
EndProject
Project("{9A19103F-16F7-4668-BE54-9A1E7A4F7556}") = "Catalog.API", "Services\Catalog\Catalog.API\Catalog.API.csproj", "{873AC1BF-1C31-4BB1-BE59-274FA4ABDC6D}"
EndProject
Global
	GlobalSection(SolutionConfigurationPlatforms) = preSolution
		Debug|Any CPU = Debug|Any CPU
		Release|Any CPU = Release|Any CPU
	EndGlobalSection
	GlobalSection(ProjectConfigurationPlatforms) = postSolution
		{24714045-76D7-4284-A2CE-D9443A08ABB5}.Debug|Any CPU.ActiveCfg = Debug|Any CPU
		{24714045-76D7-4284-A2CE-D9443A08ABB5}.Debug|Any CPU.Build.0 = Debug|Any CPU
		{24714045-76D7-4284-A2CE-D9443A08ABB5}.Release|Any CPU.ActiveCfg = Release|Any CPU
		{24714045-76D7-4284-A2CE-D9443A08ABB5}.Release|Any CPU.Build.0 = Release|Any CPU
		{E20B5ED9-1FC8-4E6F-A9D7-D6B699FBB8F7}.Debug|Any CPU.ActiveCfg = Debug|Any CPU
		{E20B5ED9-1FC8-4E6F-A9D7-D6B699FBB8F7}.Debug|Any CPU.Build.0 = Debug|Any CPU
		{E20B5ED9-1FC8-4E6F-A9D7-D6B699FBB8F7}.Release|Any CPU.ActiveCfg = Release|Any CPU
		{E20B5ED9-1FC8-4E6F-A9D7-D6B699FBB8F7}.Release|Any CPU.Build.0 = Release|Any CPU
		{9956710E-405A-435C-B0A2-00BA132CFE42}.Debug|Any CPU.ActiveCfg = Debug|Any CPU
		{9956710E-405A-435C-B0A2-00BA132CFE42}.Debug|Any CPU.Build.0 = Debug|Any CPU
		{9956710E-405A-435C-B0A2-00BA132CFE42}.Release|Any CPU.ActiveCfg = Release|Any CPU
		{9956710E-405A-435C-B0A2-00BA132CFE42}.Release|Any CPU.Build.0 = Release|Any CPU
		{E0A9FD7B-09BA-41CD-B2CB-4307E729F4A9}.Debug|Any CPU.ActiveCfg = Debug|Any CPU
		{E0A9FD7B-09BA-41CD-B2CB-4307E729F4A9}.Debug|Any CPU.Build.0 = Debug|Any CPU
		{E0A9FD7B-09BA-41CD-B2CB-4307E729F4A9}.Release|Any CPU.ActiveCfg = Release|Any CPU
		{E0A9FD7B-09BA-41CD-B2CB-4307E729F4A9}.Release|Any CPU.Build.0 = Release|Any CPU
		{6BFA7F15-1571-4295-A092-7939D8689F72}.Debug|Any CPU.ActiveCfg = Debug|Any CPU
		{6BFA7F15-1571-4295-A092-7939D8689F72}.Debug|Any CPU.Build.0 = Debug|Any CPU
		{6BFA7F15-1571-4295-A092-7939D8689F72}.Release|Any CPU.ActiveCfg = Release|Any CPU
		{6BFA7F15-1571-4295-A092-7939D8689F72}.Release|Any CPU.Build.0 = Release|Any CPU
		{C9A62E26-293D-4F0D-828D-82B0B68E8DD2}.Debug|Any CPU.ActiveCfg = Debug|Any CPU
		{C9A62E26-293D-4F0D-828D-82B0B68E8DD2}.Debug|Any CPU.Build.0 = Debug|Any CPU
		{C9A62E26-293D-4F0D-828D-82B0B68E8DD2}.Release|Any CPU.ActiveCfg = Release|Any CPU
		{C9A62E26-293D-4F0D-828D-82B0B68E8DD2}.Release|Any CPU.Build.0 = Release|Any CPU
		{74E0A6B0-8C7D-4337-8A53-FACE66420C88}.Debug|Any CPU.ActiveCfg = Debug|Any CPU
		{74E0A6B0-8C7D-4337-8A53-FACE66420C88}.Debug|Any CPU.Build.0 = Debug|Any CPU
		{74E0A6B0-8C7D-4337-8A53-FACE66420C88}.Release|Any CPU.ActiveCfg = Release|Any CPU
		{74E0A6B0-8C7D-4337-8A53-FACE66420C88}.Release|Any CPU.Build.0 = Release|Any CPU
		{03AAFB6D-52EF-4A56-ACDD-8E96F65781DC}.Debug|Any CPU.ActiveCfg = Debug|Any CPU
		{03AAFB6D-52EF-4A56-ACDD-8E96F65781DC}.Debug|Any CPU.Build.0 = Debug|Any CPU
		{03AAFB6D-52EF-4A56-ACDD-8E96F65781DC}.Release|Any CPU.ActiveCfg = Release|Any CPU
		{03AAFB6D-52EF-4A56-ACDD-8E96F65781DC}.Release|Any CPU.Build.0 = Release|Any CPU
		{69A8219D-6FDD-4074-8C02-7B5A4F680377}.Debug|Any CPU.ActiveCfg = Debug|Any CPU
		{69A8219D-6FDD-4074-8C02-7B5A4F680377}.Debug|Any CPU.Build.0 = Debug|Any CPU
		{69A8219D-6FDD-4074-8C02-7B5A4F680377}.Release|Any CPU.ActiveCfg = Release|Any CPU
		{69A8219D-6FDD-4074-8C02-7B5A4F680377}.Release|Any CPU.Build.0 = Release|Any CPU
		{74B58606-E3AD-4308-9CD3-D2B233A9CB61}.Debug|Any CPU.ActiveCfg = Debug|Any CPU
		{74B58606-E3AD-4308-9CD3-D2B233A9CB61}.Debug|Any CPU.Build.0 = Debug|Any CPU
		{74B58606-E3AD-4308-9CD3-D2B233A9CB61}.Release|Any CPU.ActiveCfg = Release|Any CPU
		{74B58606-E3AD-4308-9CD3-D2B233A9CB61}.Release|Any CPU.Build.0 = Release|Any CPU
		{33F8F343-EE1D-4149-B97A-6432713853BF}.Debug|Any CPU.ActiveCfg = Debug|Any CPU
		{33F8F343-EE1D-4149-B97A-6432713853BF}.Debug|Any CPU.Build.0 = Debug|Any CPU
		{33F8F343-EE1D-4149-B97A-6432713853BF}.Release|Any CPU.ActiveCfg = Release|Any CPU
		{33F8F343-EE1D-4149-B97A-6432713853BF}.Release|Any CPU.Build.0 = Release|Any CPU
		{C3AB2DD4-88E7-4BAF-8E17-5DFFC6DC4241}.Debug|Any CPU.ActiveCfg = Debug|Any CPU
		{C3AB2DD4-88E7-4BAF-8E17-5DFFC6DC4241}.Debug|Any CPU.Build.0 = Debug|Any CPU
		{C3AB2DD4-88E7-4BAF-8E17-5DFFC6DC4241}.Release|Any CPU.ActiveCfg = Release|Any CPU
		{C3AB2DD4-88E7-4BAF-8E17-5DFFC6DC4241}.Release|Any CPU.Build.0 = Release|Any CPU
		{9FDE3423-3845-4084-8EA5-ADD2FC93943A}.Debug|Any CPU.ActiveCfg = Debug|Any CPU
		{9FDE3423-3845-4084-8EA5-ADD2FC93943A}.Debug|Any CPU.Build.0 = Debug|Any CPU
		{9FDE3423-3845-4084-8EA5-ADD2FC93943A}.Release|Any CPU.ActiveCfg = Release|Any CPU
		{9FDE3423-3845-4084-8EA5-ADD2FC93943A}.Release|Any CPU.Build.0 = Release|Any CPU
		{873AC1BF-1C31-4BB1-BE59-274FA4ABDC6D}.Debug|Any CPU.ActiveCfg = Debug|Any CPU
		{873AC1BF-1C31-4BB1-BE59-274FA4ABDC6D}.Debug|Any CPU.Build.0 = Debug|Any CPU
		{873AC1BF-1C31-4BB1-BE59-274FA4ABDC6D}.Release|Any CPU.ActiveCfg = Release|Any CPU
		{873AC1BF-1C31-4BB1-BE59-274FA4ABDC6D}.Release|Any CPU.Build.0 = Release|Any CPU
	EndGlobalSection
	GlobalSection(SolutionProperties) = preSolution
		HideSolutionNode = FALSE
	EndGlobalSection
	GlobalSection(NestedProjects) = preSolution
		{C65E1090-74F2-49D3-97D5-E42F04895D1B} = {D8235260-7864-4178-B779-CD41882E2041}
		{BC538EF1-28B7-4295-B652-714A04D253AD} = {D8235260-7864-4178-B779-CD41882E2041}
		{1AB4BEF8-118D-47A6-9616-EF7167D8CF1C} = {D8235260-7864-4178-B779-CD41882E2041}
		{8016F950-FEE1-40A7-88AA-455DEB6025C3} = {D8235260-7864-4178-B779-CD41882E2041}
		{79509840-38E0-459C-A1EF-344F49043A6C} = {D8235260-7864-4178-B779-CD41882E2041}
		{AF412336-FEC3-42EC-B476-14A4A06361B1} = {D8235260-7864-4178-B779-CD41882E2041}
		{24714045-76D7-4284-A2CE-D9443A08ABB5} = {E926F3D9-EE14-4F3D-A167-4F877645BF93}
		{E20B5ED9-1FC8-4E6F-A9D7-D6B699FBB8F7} = {9B17CFA7-45C5-4C34-A610-7A7B781B10DE}
		{9956710E-405A-435C-B0A2-00BA132CFE42} = {FEF91E4C-CC02-4583-86E4-5E927D4AD4EC}
		{E0A9FD7B-09BA-41CD-B2CB-4307E729F4A9} = {1AB4BEF8-118D-47A6-9616-EF7167D8CF1C}
		{6BFA7F15-1571-4295-A092-7939D8689F72} = {8016F950-FEE1-40A7-88AA-455DEB6025C3}
		{C9A62E26-293D-4F0D-828D-82B0B68E8DD2} = {79509840-38E0-459C-A1EF-344F49043A6C}
		{74E0A6B0-8C7D-4337-8A53-FACE66420C88} = {79509840-38E0-459C-A1EF-344F49043A6C}
		{03AAFB6D-52EF-4A56-ACDD-8E96F65781DC} = {79509840-38E0-459C-A1EF-344F49043A6C}
		{69A8219D-6FDD-4074-8C02-7B5A4F680377} = {79509840-38E0-459C-A1EF-344F49043A6C}
		{74B58606-E3AD-4308-9CD3-D2B233A9CB61} = {AF412336-FEC3-42EC-B476-14A4A06361B1}
		{33F8F343-EE1D-4149-B97A-6432713853BF} = {BC538EF1-28B7-4295-B652-714A04D253AD}
		{C3AB2DD4-88E7-4BAF-8E17-5DFFC6DC4241} = {8083FD17-3D28-4A26-B2B4-A55BF5094D21}
		{9FDE3423-3845-4084-8EA5-ADD2FC93943A} = {79509840-38E0-459C-A1EF-344F49043A6C}
		{873AC1BF-1C31-4BB1-BE59-274FA4ABDC6D} = {C65E1090-74F2-49D3-97D5-E42F04895D1B}
	EndGlobalSection
	GlobalSection(ExtensibilityGlobals) = postSolution
		SolutionGuid = {E50399EF-C160-4E05-85A4-0B563C2CD924}
	EndGlobalSection
EndGlobal
